PODS:
  - craftyBlankState (0.1.0)
  - Nimble (7.3.4)
  - Quick (1.2.0)

DEPENDENCIES:
  - craftyBlankState (from `../`)
  - Nimble (~> 7.0)
  - Quick (~> 1.2.0)

SPEC REPOS:
  trunk:
    - Nimble
    - Quick

EXTERNAL SOURCES:
  craftyBlankState:
    :path: "../"

SPEC CHECKSUMS:
  craftyBlankState: 078329912521f2c17b2eb846afa2b4c7cdb1449c
  Nimble: 051e3d8912d40138fa5591c78594f95fb172af37
  Quick: 58d203b1c5e27fff7229c4c1ae445ad7069a7a08

PODFILE CHECKSUM: ed64bf9172b66a2579d92ca195f5b4d3b1e2f7f7

COCOAPODS: 1.9.1
