PODS:
  - craftyBlankState (0.1.3)
  - Nimble (7.3.4)
  - Quick (1.2.0)

DEPENDENCIES:
  - craftyBlankState (from `../`)
  - Nimble (~> 7.0)
  - Quick (~> 1.2.0)

SPEC REPOS:
  trunk:
    - Nimble
    - Quick

EXTERNAL SOURCES:
  craftyBlankState:
    :path: "../"

SPEC CHECKSUMS:
  craftyBlankState: fcff6cec7480e4dc042feba05a2dc7c76fb0cf21
  Nimble: 051e3d8912d40138fa5591c78594f95fb172af37
  Quick: 58d203b1c5e27fff7229c4c1ae445ad7069a7a08

PODFILE CHECKSUM: 9ce2d7eacee6e30175dc636604981a9c4af808e6

COCOAPODS: 1.9.1
