PODS:
  - craftyBlankState (1.0.0)
  - Nimble (8.0.9)
  - Quick (2.2.0)

DEPENDENCIES:
  - craftyBlankState (from `../`)
  - Nimble
  - Quick

SPEC REPOS:
  trunk:
    - Nimble
    - Quick

EXTERNAL SOURCES:
  craftyBlankState:
    :path: "../"

SPEC CHECKSUMS:
  craftyBlankState: 0202aafc4a3654c9cedafac0e3df60743090b5c7
  Nimble: 98b888285a615fd34f20e61753cf58ea1402bde4
  Quick: 7fb19e13be07b5dfb3b90d4f9824c855a11af40e

PODFILE CHECKSUM: 1a1d6f8e7f3f318c8f0276966d5dcfb32293928a

COCOAPODS: 1.9.1
